
Microsoft Visual Studio Solution File, Format Version 12.00
# Visual Studio Version 16
VisualStudioVersion = 16.0.32602.291
MinimumVisualStudioVersion = 10.0.40219.1
Project("{FAE04EC0-301F-11D3-BF4B-00C04F79EFBC}") = "CURO", "CURO\CURO.csproj", "{4832AB6E-9CC5-4F9C-AAE1-1FB37A316AA2}"
EndProject
Global
	GlobalSection(SolutionConfigurationPlatforms) = preSolution
		Debug|Any CPU = Debug|Any CPU
		Release|Any CPU = Release|Any CPU
	EndGlobalSection
	GlobalSection(ProjectConfigurationPlatforms) = postSolution
		{4832AB6E-9CC5-4F9C-AAE1-1FB37A316AA2}.Debug|Any CPU.ActiveCfg = Debug|Any CPU
		{4832AB6E-9CC5-4F9C-AAE1-1FB37A316AA2}.Debug|Any CPU.Build.0 = Debug|Any CPU
		{4832AB6E-9CC5-4F9C-AAE1-1FB37A316AA2}.Release|Any CPU.ActiveCfg = Release|Any CPU
		{4832AB6E-9CC5-4F9C-AAE1-1FB37A316AA2}.Release|Any CPU.Build.0 = Release|Any CPU
	EndGlobalSection
	GlobalSection(SolutionProperties) = preSolution
		HideSolutionNode = FALSE
	EndGlobalSection
	GlobalSection(ExtensibilityGlobals) = postSolution
		SolutionGuid = {BF198E40-480E-4B0B-976A-70DB011EE9D4}
	EndGlobalSection
EndGlobal
